{
  "nodes": {
    "nixpkgs": {
      "locked": {
        "lastModified": 1689850295,
        "narHash": "sha256-fUYf6WdQlhd2H+3aR8jST5dhFH1d0eE22aes8fNIfyk=",
        "owner": "NixOS",
        "repo": "nixpkgs",
        "rev": "5df4d78d54f7a34e9ea1f84a22b4fd9baebc68d0",
        "type": "github"
      },
      "original": {
        "owner": "NixOS",
        "ref": "nixos-unstable",
        "repo": "nixpkgs",
        "type": "github"
      }
    },
    "root": {
      "inputs": {
        "nixpkgs": "nixpkgs"
      }
    }
  },
  "root": "root",
  "version": 7
}
